// !$*UTF8*$!
{
	archiveVersion = 1;
	classes = {
	};
	objectVersion = 56;
	objects = {

/* Begin PBXBuildFile section */
		817B95052E03138F00237E67 /* Card.swift in Sources */ = {isa = PBXBuildFile; fileRef = 817B95042E03138F00237E67 /* Card.swift */; };
		817B95072E03139700237E67 /* Deck.swift in Sources */ = {isa = PBXBuildFile; fileRef = 817B95062E03139700237E67 /* Deck.swift */; };
		81D458082E01C4A100881A8F /* Card_GameApp.swift in Sources */ = {isa = PBXBuildFile; fileRef = 81D458072E01C4A100881A8F /* Card_GameApp.swift */; };
		81D4580C2E01C4A400881A8F /* Assets.xcassets in Resources */ = {isa = PBXBuildFile; fileRef = 81D4580B2E01C4A400881A8F /* Assets.xcassets */; };
		81D458102E01C4A400881A8F /* Preview Assets.xcassets in Resources */ = {isa = PBXBuildFile; fileRef = 81D4580F2E01C4A400881A8F /* Preview Assets.xcassets */; };
		81D4581A2E01C4A400881A8F /* Card_GameTests.swift in Sources */ = {isa = PBXBuildFile; fileRef = 81D458192E01C4A400881A8F /* Card_GameTests.swift */; };
		81D458242E01C4A400881A8F /* Card_GameUITests.swift in Sources */ = {isa = PBXBuildFile; fileRef = 81D458232E01C4A400881A8F /* Card_GameUITests.swift */; };
		81D458262E01C4A400881A8F /* Card_GameUITestsLaunchTests.swift in Sources */ = {isa = PBXBuildFile; fileRef = 81D458252E01C4A400881A8F /* Card_GameUITestsLaunchTests.swift */; };
		81D458432E01C58A00881A8F /* GameView.swift in Sources */ = {isa = PBXBuildFile; fileRef = 81D458422E01C58A00881A8F /* GameView.swift */; };
		81D4584E2E01C62000881A8F /* CardView.swift in Sources */ = {isa = PBXBuildFile; fileRef = 81D4584D2E01C62000881A8F /* CardView.swift */; };
		81D458502E01C65D00881A8F /* ContentView.swift in Sources */ = {isa = PBXBuildFile; fileRef = 81D4584F2E01C65D00881A8F /* ContentView.swift */; };
		81D458532E01CF2500881A8F /* SocketIO in Frameworks */ = {isa = PBXBuildFile; productRef = 81D458522E01CF2500881A8F /* SocketIO */; };
		81D458562E01CF5200881A8F /* SocketManager.swift in Sources */ = {isa = PBXBuildFile; fileRef = 81D458552E01CF5200881A8F /* SocketManager.swift */; };
/* End PBXBuildFile section */

/* Begin PBXContainerItemProxy section */
		81D458162E01C4A400881A8F /* PBXContainerItemProxy */ = {
			isa = PBXContainerItemProxy;
			containerPortal = 81D457FC2E01C4A100881A8F /* Project object */;
			proxyType = 1;
			remoteGlobalIDString = 81D458032E01C4A100881A8F;
			remoteInfo = "Card Game";
		};
		81D458202E01C4A400881A8F /* PBXContainerItemProxy */ = {
			isa = PBXContainerItemProxy;
			containerPortal = 81D457FC2E01C4A100881A8F /* Project object */;
			proxyType = 1;
			remoteGlobalIDString = 81D458032E01C4A100881A8F;
			remoteInfo = "Card Game";
		};
/* End PBXContainerItemProxy section */

/* Begin PBXFileReference section */
		817B95042E03138F00237E67 /* Card.swift */ = {isa = PBXFileReference; lastKnownFileType = sourcecode.swift; path = Card.swift; sourceTree = "<group>"; };
		817B95062E03139700237E67 /* Deck.swift */ = {isa = PBXFileReference; lastKnownFileType = sourcecode.swift; path = Deck.swift; sourceTree = "<group>"; };
		81D458042E01C4A100881A8F /* Card Game.app */ = {isa = PBXFileReference; explicitFileType = wrapper.application; includeInIndex = 0; path = "Card Game.app"; sourceTree = BUILT_PRODUCTS_DIR; };
		81D458072E01C4A100881A8F /* Card_GameApp.swift */ = {isa = PBXFileReference; lastKnownFileType = sourcecode.swift; path = Card_GameApp.swift; sourceTree = "<group>"; };
		81D4580B2E01C4A400881A8F /* Assets.xcassets */ = {isa = PBXFileReference; lastKnownFileType = folder.assetcatalog; path = Assets.xcassets; sourceTree = "<group>"; };
		81D4580D2E01C4A400881A8F /* Card_Game.entitlements */ = {isa = PBXFileReference; lastKnownFileType = text.plist.entitlements; path = Card_Game.entitlements; sourceTree = "<group>"; };
		81D4580F2E01C4A400881A8F /* Preview Assets.xcassets */ = {isa = PBXFileReference; lastKnownFileType = folder.assetcatalog; path = "Preview Assets.xcassets"; sourceTree = "<group>"; };
		81D458152E01C4A400881A8F /* Card GameTests.xctest */ = {isa = PBXFileReference; explicitFileType = wrapper.cfbundle; includeInIndex = 0; path = "Card GameTests.xctest"; sourceTree = BUILT_PRODUCTS_DIR; };
		81D458192E01C4A400881A8F /* Card_GameTests.swift */ = {isa = PBXFileReference; lastKnownFileType = sourcecode.swift; path = Card_GameTests.swift; sourceTree = "<group>"; };
		81D4581F2E01C4A400881A8F /* Card GameUITests.xctest */ = {isa = PBXFileReference; explicitFileType = wrapper.cfbundle; includeInIndex = 0; path = "Card GameUITests.xctest"; sourceTree = BUILT_PRODUCTS_DIR; };
		81D458232E01C4A400881A8F /* Card_GameUITests.swift */ = {isa = PBXFileReference; lastKnownFileType = sourcecode.swift; path = Card_GameUITests.swift; sourceTree = "<group>"; };
		81D458252E01C4A400881A8F /* Card_GameUITestsLaunchTests.swift */ = {isa = PBXFileReference; lastKnownFileType = sourcecode.swift; path = Card_GameUITestsLaunchTests.swift; sourceTree = "<group>"; };
		81D458422E01C58A00881A8F /* GameView.swift */ = {isa = PBXFileReference; lastKnownFileType = sourcecode.swift; path = GameView.swift; sourceTree = "<group>"; };
		81D4584D2E01C62000881A8F /* CardView.swift */ = {isa = PBXFileReference; lastKnownFileType = sourcecode.swift; path = CardView.swift; sourceTree = "<group>"; };
		81D4584F2E01C65D00881A8F /* ContentView.swift */ = {isa = PBXFileReference; lastKnownFileType = sourcecode.swift; path = ContentView.swift; sourceTree = "<group>"; };
		81D458552E01CF5200881A8F /* SocketManager.swift */ = {isa = PBXFileReference; lastKnownFileType = sourcecode.swift; path = SocketManager.swift; sourceTree = "<group>"; };
/* End PBXFileReference section */

/* Begin PBXFrameworksBuildPhase section */
		81D458012E01C4A100881A8F /* Frameworks */ = {
			isa = PBXFrameworksBuildPhase;
			buildActionMask = 2147483647;
			files = (
				81D458532E01CF2500881A8F /* SocketIO in Frameworks */,
			);
			runOnlyForDeploymentPostprocessing = 0;
		};
		81D458122E01C4A400881A8F /* Frameworks */ = {
			isa = PBXFrameworksBuildPhase;
			buildActionMask = 2147483647;
			files = (
			);
			runOnlyForDeploymentPostprocessing = 0;
		};
		81D4581C2E01C4A400881A8F /* Frameworks */ = {
			isa = PBXFrameworksBuildPhase;
			buildActionMask = 2147483647;
			files = (
			);
			runOnlyForDeploymentPostprocessing = 0;
		};
/* End PBXFrameworksBuildPhase section */

/* Begin PBXGroup section */
		817B95032E03138200237E67 /* Models */ = {
			isa = PBXGroup;
			children = (
				817B95042E03138F00237E67 /* Card.swift */,
				817B95062E03139700237E67 /* Deck.swift */,
			);
			path = Models;
			sourceTree = "<group>";
		};
		817B95082E03151700237E67 /* Images */ = {
			isa = PBXGroup;
			children = (
			);
			path = Images;
			sourceTree = "<group>";
		};
		81D457FB2E01C4A100881A8F = {
			isa = PBXGroup;
			children = (
				81D458062E01C4A100881A8F /* Card Game */,
				81D458182E01C4A400881A8F /* Card GameTests */,
				81D458222E01C4A400881A8F /* Card GameUITests */,
				81D458052E01C4A100881A8F /* Products */,
			);
			sourceTree = "<group>";
		};
		81D458052E01C4A100881A8F /* Products */ = {
			isa = PBXGroup;
			children = (
				81D458042E01C4A100881A8F /* Card Game.app */,
				81D458152E01C4A400881A8F /* Card GameTests.xctest */,
				81D4581F2E01C4A400881A8F /* Card GameUITests.xctest */,
			);
			name = Products;
			sourceTree = "<group>";
		};
		81D458062E01C4A100881A8F /* Card Game */ = {
			isa = PBXGroup;
			children = (
				81D458072E01C4A100881A8F /* Card_GameApp.swift */,
				81D4580D2E01C4A400881A8F /* Card_Game.entitlements */,
				81D4580B2E01C4A400881A8F /* Assets.xcassets */,
				81D458542E01CF4600881A8F /* Networking */,
				81D458412E01C58200881A8F /* View */,
				817B95032E03138200237E67 /* Models */,
				81D4580E2E01C4A400881A8F /* Preview Content */,
			);
			path = "Card Game";
			sourceTree = "<group>";
		};
		81D4580E2E01C4A400881A8F /* Preview Content */ = {
			isa = PBXGroup;
			children = (
				81D4580F2E01C4A400881A8F /* Preview Assets.xcassets */,
			);
			path = "Preview Content";
			sourceTree = "<group>";
		};
		81D458182E01C4A400881A8F /* Card GameTests */ = {
			isa = PBXGroup;
			children = (
				81D458192E01C4A400881A8F /* Card_GameTests.swift */,
			);
			path = "Card GameTests";
			sourceTree = "<group>";
		};
		81D458222E01C4A400881A8F /* Card GameUITests */ = {
			isa = PBXGroup;
			children = (
				81D458232E01C4A400881A8F /* Card_GameUITests.swift */,
				81D458252E01C4A400881A8F /* Card_GameUITestsLaunchTests.swift */,
			);
			path = "Card GameUITests";
			sourceTree = "<group>";
		};
		81D458412E01C58200881A8F /* View */ = {
			isa = PBXGroup;
			children = (
				817B95082E03151700237E67 /* Images */,
				81D458422E01C58A00881A8F /* GameView.swift */,
				81D4584D2E01C62000881A8F /* CardView.swift */,
				81D4584F2E01C65D00881A8F /* ContentView.swift */,
			);
			path = View;
			sourceTree = "<group>";
		};
		81D458542E01CF4600881A8F /* Networking */ = {
			isa = PBXGroup;
			children = (
				81D458552E01CF5200881A8F /* SocketManager.swift */,
			);
			path = Networking;
			sourceTree = "<group>";
		};
/* End PBXGroup section */

/* Begin PBXNativeTarget section */
		81D458032E01C4A100881A8F /* Card Game */ = {
			isa = PBXNativeTarget;
			buildConfigurationList = 81D458292E01C4A400881A8F /* Build configuration list for PBXNativeTarget "Card Game" */;
			buildPhases = (
				81D458002E01C4A100881A8F /* Sources */,
				81D458012E01C4A100881A8F /* Frameworks */,
				81D458022E01C4A100881A8F /* Resources */,
			);
			buildRules = (
			);
			dependencies = (
			);
			name = "Card Game";
			packageProductDependencies = (
				81D458522E01CF2500881A8F /* SocketIO */,
			);
			productName = "Card Game";
			productReference = 81D458042E01C4A100881A8F /* Card Game.app */;
			productType = "com.apple.product-type.application";
		};
		81D458142E01C4A400881A8F /* Card GameTests */ = {
			isa = PBXNativeTarget;
			buildConfigurationList = 81D4582C2E01C4A400881A8F /* Build configuration list for PBXNativeTarget "Card GameTests" */;
			buildPhases = (
				81D458112E01C4A400881A8F /* Sources */,
				81D458122E01C4A400881A8F /* Frameworks */,
				81D458132E01C4A400881A8F /* Resources */,
			);
			buildRules = (
			);
			dependencies = (
				81D458172E01C4A400881A8F /* PBXTargetDependency */,
			);
			name = "Card GameTests";
			productName = "Card GameTests";
			productReference = 81D458152E01C4A400881A8F /* Card GameTests.xctest */;
			productType = "com.apple.product-type.bundle.unit-test";
		};
		81D4581E2E01C4A400881A8F /* Card GameUITests */ = {
			isa = PBXNativeTarget;
			buildConfigurationList = 81D4582F2E01C4A400881A8F /* Build configuration list for PBXNativeTarget "Card GameUITests" */;
			buildPhases = (
				81D4581B2E01C4A400881A8F /* Sources */,
				81D4581C2E01C4A400881A8F /* Frameworks */,
				81D4581D2E01C4A400881A8F /* Resources */,
			);
			buildRules = (
			);
			dependencies = (
				81D458212E01C4A400881A8F /* PBXTargetDependency */,
			);
			name = "Card GameUITests";
			productName = "Card GameUITests";
			productReference = 81D4581F2E01C4A400881A8F /* Card GameUITests.xctest */;
			productType = "com.apple.product-type.bundle.ui-testing";
		};
/* End PBXNativeTarget section */

/* Begin PBXProject section */
		81D457FC2E01C4A100881A8F /* Project object */ = {
			isa = PBXProject;
			attributes = {
				BuildIndependentTargetsInParallel = 1;
				LastSwiftUpdateCheck = 1430;
				LastUpgradeCheck = 1430;
				TargetAttributes = {
					81D458032E01C4A100881A8F = {
						CreatedOnToolsVersion = 14.3.1;
					};
					81D458142E01C4A400881A8F = {
						CreatedOnToolsVersion = 14.3.1;
						TestTargetID = 81D458032E01C4A100881A8F;
					};
					81D4581E2E01C4A400881A8F = {
						CreatedOnToolsVersion = 14.3.1;
						TestTargetID = 81D458032E01C4A100881A8F;
					};
				};
			};
			buildConfigurationList = 81D457FF2E01C4A100881A8F /* Build configuration list for PBXProject "Card Game" */;
			compatibilityVersion = "Xcode 14.0";
			developmentRegion = en;
			hasScannedForEncodings = 0;
			knownRegions = (
				en,
				Base,
			);
			mainGroup = 81D457FB2E01C4A100881A8F;
			packageReferences = (
				81D458512E01CF2500881A8F /* XCRemoteSwiftPackageReference "socket" */,
			);
			productRefGroup = 81D458052E01C4A100881A8F /* Products */;
			projectDirPath = "";
			projectRoot = "";
			targets = (
				81D458032E01C4A100881A8F /* Card Game */,
				81D458142E01C4A400881A8F /* Card GameTests */,
				81D4581E2E01C4A400881A8F /* Card GameUITests */,
			);
		};
/* End PBXProject section */

/* Begin PBXResourcesBuildPhase section */
		81D458022E01C4A100881A8F /* Resources */ = {
			isa = PBXResourcesBuildPhase;
			buildActionMask = 2147483647;
			files = (
				81D458102E01C4A400881A8F /* Preview Assets.xcassets in Resources */,
				81D4580C2E01C4A400881A8F /* Assets.xcassets in Resources */,
			);
			runOnlyForDeploymentPostprocessing = 0;
		};
		81D458132E01C4A400881A8F /* Resources */ = {
			isa = PBXResourcesBuildPhase;
			buildActionMask = 2147483647;
			files = (
			);
			runOnlyForDeploymentPostprocessing = 0;
		};
		81D4581D2E01C4A400881A8F /* Resources */ = {
			isa = PBXResourcesBuildPhase;
			buildActionMask = 2147483647;
			files = (
			);
			runOnlyForDeploymentPostprocessing = 0;
		};
/* End PBXResourcesBuildPhase section */

/* Begin PBXSourcesBuildPhase section */
		81D458002E01C4A100881A8F /* Sources */ = {
			isa = PBXSourcesBuildPhase;
			buildActionMask = 2147483647;
			files = (
				817B95072E03139700237E67 /* Deck.swift in Sources */,
				81D458562E01CF5200881A8F /* SocketManager.swift in Sources */,
				817B95052E03138F00237E67 /* Card.swift in Sources */,
				81D458432E01C58A00881A8F /* GameView.swift in Sources */,
				81D458502E01C65D00881A8F /* ContentView.swift in Sources */,
				81D4584E2E01C62000881A8F /* CardView.swift in Sources */,
				81D458082E01C4A100881A8F /* Card_GameApp.swift in Sources */,
			);
			runOnlyForDeploymentPostprocessing = 0;
		};
		81D458112E01C4A400881A8F /* Sources */ = {
			isa = PBXSourcesBuildPhase;
			buildActionMask = 2147483647;
			files = (
				81D4581A2E01C4A400881A8F /* Card_GameTests.swift in Sources */,
			);
			runOnlyForDeploymentPostprocessing = 0;
		};
		81D4581B2E01C4A400881A8F /* Sources */ = {
			isa = PBXSourcesBuildPhase;
			buildActionMask = 2147483647;
			files = (
				81D458262E01C4A400881A8F /* Card_GameUITestsLaunchTests.swift in Sources */,
				81D458242E01C4A400881A8F /* Card_GameUITests.swift in Sources */,
			);
			runOnlyForDeploymentPostprocessing = 0;
		};
/* End PBXSourcesBuildPhase section */

/* Begin PBXTargetDependency section */
		81D458172E01C4A400881A8F /* PBXTargetDependency */ = {
			isa = PBXTargetDependency;
			target = 81D458032E01C4A100881A8F /* Card Game */;
			targetProxy = 81D458162E01C4A400881A8F /* PBXContainerItemProxy */;
		};
		81D458212E01C4A400881A8F /* PBXTargetDependency */ = {
			isa = PBXTargetDependency;
			target = 81D458032E01C4A100881A8F /* Card Game */;
			targetProxy = 81D458202E01C4A400881A8F /* PBXContainerItemProxy */;
		};
/* End PBXTargetDependency section */

/* Begin XCBuildConfiguration section */
		81D458272E01C4A400881A8F /* Debug */ = {
			isa = XCBuildConfiguration;
			buildSettings = {
				ALWAYS_SEARCH_USER_PATHS = NO;
				CLANG_ANALYZER_NONNULL = YES;
				CLANG_ANALYZER_NUMBER_OBJECT_CONVERSION = YES_AGGRESSIVE;
				CLANG_CXX_LANGUAGE_STANDARD = "gnu++20";
				CLANG_ENABLE_MODULES = YES;
				CLANG_ENABLE_OBJC_ARC = YES;
				CLANG_ENABLE_OBJC_WEAK = YES;
				CLANG_WARN_BLOCK_CAPTURE_AUTORELEASING = YES;
				CLANG_WARN_BOOL_CONVERSION = YES;
				CLANG_WARN_COMMA = YES;
				CLANG_WARN_CONSTANT_CONVERSION = YES;
				CLANG_WARN_DEPRECATED_OBJC_IMPLEMENTATIONS = YES;
				CLANG_WARN_DIRECT_OBJC_ISA_USAGE = YES_ERROR;
				CLANG_WARN_DOCUMENTATION_COMMENTS = YES;
				CLANG_WARN_EMPTY_BODY = YES;
				CLANG_WARN_ENUM_CONVERSION = YES;
				CLANG_WARN_INFINITE_RECURSION = YES;
				CLANG_WARN_INT_CONVERSION = YES;
				CLANG_WARN_NON_LITERAL_NULL_CONVERSION = YES;
				CLANG_WARN_OBJC_IMPLICIT_RETAIN_SELF = YES;
				CLANG_WARN_OBJC_LITERAL_CONVERSION = YES;
				CLANG_WARN_OBJC_ROOT_CLASS = YES_ERROR;
				CLANG_WARN_QUOTED_INCLUDE_IN_FRAMEWORK_HEADER = YES;
				CLANG_WARN_RANGE_LOOP_ANALYSIS = YES;
				CLANG_WARN_STRICT_PROTOTYPES = YES;
				CLANG_WARN_SUSPICIOUS_MOVE = YES;
				CLANG_WARN_UNGUARDED_AVAILABILITY = YES_AGGRESSIVE;
				CLANG_WARN_UNREACHABLE_CODE = YES;
				CLANG_WARN__DUPLICATE_METHOD_MATCH = YES;
				COPY_PHASE_STRIP = NO;
				DEBUG_INFORMATION_FORMAT = dwarf;
				ENABLE_STRICT_OBJC_MSGSEND = YES;
				ENABLE_TESTABILITY = YES;
				GCC_C_LANGUAGE_STANDARD = gnu11;
				GCC_DYNAMIC_NO_PIC = NO;
				GCC_NO_COMMON_BLOCKS = YES;
				GCC_OPTIMIZATION_LEVEL = 0;
				GCC_PREPROCESSOR_DEFINITIONS = (
					"DEBUG=1",
					"$(inherited)",
				);
				GCC_WARN_64_TO_32_BIT_CONVERSION = YES;
				GCC_WARN_ABOUT_RETURN_TYPE = YES_ERROR;
				GCC_WARN_UNDECLARED_SELECTOR = YES;
				GCC_WARN_UNINITIALIZED_AUTOS = YES_AGGRESSIVE;
				GCC_WARN_UNUSED_FUNCTION = YES;
				GCC_WARN_UNUSED_VARIABLE = YES;
				MTL_ENABLE_DEBUG_INFO = INCLUDE_SOURCE;
				MTL_FAST_MATH = YES;
				ONLY_ACTIVE_ARCH = YES;
				SWIFT_ACTIVE_COMPILATION_CONDITIONS = DEBUG;
				SWIFT_OPTIMIZATION_LEVEL = "-Onone";
			};
			name = Debug;
		};
		81D458282E01C4A400881A8F /* Release */ = {
			isa = XCBuildConfiguration;
			buildSettings = {
				ALWAYS_SEARCH_USER_PATHS = NO;
				CLANG_ANALYZER_NONNULL = YES;
				CLANG_ANALYZER_NUMBER_OBJECT_CONVERSION = YES_AGGRESSIVE;
				CLANG_CXX_LANGUAGE_STANDARD = "gnu++20";
				CLANG_ENABLE_MODULES = YES;
				CLANG_ENABLE_OBJC_ARC = YES;
				CLANG_ENABLE_OBJC_WEAK = YES;
				CLANG_WARN_BLOCK_CAPTURE_AUTORELEASING = YES;
				CLANG_WARN_BOOL_CONVERSION = YES;
				CLANG_WARN_COMMA = YES;
				CLANG_WARN_CONSTANT_CONVERSION = YES;
				CLANG_WARN_DEPRECATED_OBJC_IMPLEMENTATIONS = YES;
				CLANG_WARN_DIRECT_OBJC_ISA_USAGE = YES_ERROR;
				CLANG_WARN_DOCUMENTATION_COMMENTS = YES;
				CLANG_WARN_EMPTY_BODY = YES;
				CLANG_WARN_ENUM_CONVERSION = YES;
				CLANG_WARN_INFINITE_RECURSION = YES;
				CLANG_WARN_INT_CONVERSION = YES;
				CLANG_WARN_NON_LITERAL_NULL_CONVERSION = YES;
				CLANG_WARN_OBJC_IMPLICIT_RETAIN_SELF = YES;
				CLANG_WARN_OBJC_LITERAL_CONVERSION = YES;
				CLANG_WARN_OBJC_ROOT_CLASS = YES_ERROR;
				CLANG_WARN_QUOTED_INCLUDE_IN_FRAMEWORK_HEADER = YES;
				CLANG_WARN_RANGE_LOOP_ANALYSIS = YES;
				CLANG_WARN_STRICT_PROTOTYPES = YES;
				CLANG_WARN_SUSPICIOUS_MOVE = YES;
				CLANG_WARN_UNGUARDED_AVAILABILITY = YES_AGGRESSIVE;
				CLANG_WARN_UNREACHABLE_CODE = YES;
				CLANG_WARN__DUPLICATE_METHOD_MATCH = YES;
				COPY_PHASE_STRIP = NO;
				DEBUG_INFORMATION_FORMAT = "dwarf-with-dsym";
				ENABLE_NS_ASSERTIONS = NO;
				ENABLE_STRICT_OBJC_MSGSEND = YES;
				GCC_C_LANGUAGE_STANDARD = gnu11;
				GCC_NO_COMMON_BLOCKS = YES;
				GCC_WARN_64_TO_32_BIT_CONVERSION = YES;
				GCC_WARN_ABOUT_RETURN_TYPE = YES_ERROR;
				GCC_WARN_UNDECLARED_SELECTOR = YES;
				GCC_WARN_UNINITIALIZED_AUTOS = YES_AGGRESSIVE;
				GCC_WARN_UNUSED_FUNCTION = YES;
				GCC_WARN_UNUSED_VARIABLE = YES;
				MTL_ENABLE_DEBUG_INFO = NO;
				MTL_FAST_MATH = YES;
				SWIFT_COMPILATION_MODE = wholemodule;
				SWIFT_OPTIMIZATION_LEVEL = "-O";
			};
			name = Release;
		};
		81D4582A2E01C4A400881A8F /* Debug */ = {
			isa = XCBuildConfiguration;
			buildSettings = {
				ASSETCATALOG_COMPILER_APPICON_NAME = AppIcon;
				ASSETCATALOG_COMPILER_GLOBAL_ACCENT_COLOR_NAME = AccentColor;
				CODE_SIGN_ENTITLEMENTS = "Card Game/Card_Game.entitlements";
				CODE_SIGN_STYLE = Automatic;
				CURRENT_PROJECT_VERSION = 1;
				DEVELOPMENT_ASSET_PATHS = "\"Card Game/Preview Content\"";
				DEVELOPMENT_TEAM = 37CNK4KC3V;
				ENABLE_HARDENED_RUNTIME = YES;
				ENABLE_PREVIEWS = YES;
				GENERATE_INFOPLIST_FILE = YES;
				"INFOPLIST_KEY_UIApplicationSceneManifest_Generation[sdk=iphoneos*]" = YES;
				"INFOPLIST_KEY_UIApplicationSceneManifest_Generation[sdk=iphonesimulator*]" = YES;
				"INFOPLIST_KEY_UIApplicationSupportsIndirectInputEvents[sdk=iphoneos*]" = YES;
				"INFOPLIST_KEY_UIApplicationSupportsIndirectInputEvents[sdk=iphonesimulator*]" = YES;
				"INFOPLIST_KEY_UILaunchScreen_Generation[sdk=iphoneos*]" = YES;
				"INFOPLIST_KEY_UILaunchScreen_Generation[sdk=iphonesimulator*]" = YES;
				"INFOPLIST_KEY_UIStatusBarStyle[sdk=iphoneos*]" = UIStatusBarStyleDefault;
				"INFOPLIST_KEY_UIStatusBarStyle[sdk=iphonesimulator*]" = UIStatusBarStyleDefault;
				INFOPLIST_KEY_UISupportedInterfaceOrientations_iPad = "UIInterfaceOrientationPortrait UIInterfaceOrientationPortraitUpsideDown UIInterfaceOrientationLandscapeLeft UIInterfaceOrientationLandscapeRight";
				INFOPLIST_KEY_UISupportedInterfaceOrientations_iPhone = "UIInterfaceOrientationPortrait UIInterfaceOrientationLandscapeLeft UIInterfaceOrientationLandscapeRight";
				IPHONEOS_DEPLOYMENT_TARGET = 16.4;
				LD_RUNPATH_SEARCH_PATHS = "@executable_path/Frameworks";
				"LD_RUNPATH_SEARCH_PATHS[sdk=macosx*]" = "@executable_path/../Frameworks";
				MACOSX_DEPLOYMENT_TARGET = 13.0;
				MARKETING_VERSION = 1.0;
				PRODUCT_BUNDLE_IDENTIFIER = "thegoodbagel.Card-Game";
				PRODUCT_NAME = "$(TARGET_NAME)";
				SDKROOT = auto;
				SUPPORTED_PLATFORMS = "iphoneos iphonesimulator macosx";
				SWIFT_EMIT_LOC_STRINGS = YES;
				SWIFT_VERSION = 5.0;
				TARGETED_DEVICE_FAMILY = "1,2";
			};
			name = Debug;
		};
		81D4582B2E01C4A400881A8F /* Release */ = {
			isa = XCBuildConfiguration;
			buildSettings = {
				ASSETCATALOG_COMPILER_APPICON_NAME = AppIcon;
				ASSETCATALOG_COMPILER_GLOBAL_ACCENT_COLOR_NAME = AccentColor;
				CODE_SIGN_ENTITLEMENTS = "Card Game/Card_Game.entitlements";
				CODE_SIGN_STYLE = Automatic;
				CURRENT_PROJECT_VERSION = 1;
				DEVELOPMENT_ASSET_PATHS = "\"Card Game/Preview Content\"";
				DEVELOPMENT_TEAM = 37CNK4KC3V;
				ENABLE_HARDENED_RUNTIME = YES;
				ENABLE_PREVIEWS = YES;
				GENERATE_INFOPLIST_FILE = YES;
				"INFOPLIST_KEY_UIApplicationSceneManifest_Generation[sdk=iphoneos*]" = YES;
				"INFOPLIST_KEY_UIApplicationSceneManifest_Generation[sdk=iphonesimulator*]" = YES;
				"INFOPLIST_KEY_UIApplicationSupportsIndirectInputEvents[sdk=iphoneos*]" = YES;
				"INFOPLIST_KEY_UIApplicationSupportsIndirectInputEvents[sdk=iphonesimulator*]" = YES;
				"INFOPLIST_KEY_UILaunchScreen_Generation[sdk=iphoneos*]" = YES;
				"INFOPLIST_KEY_UILaunchScreen_Generation[sdk=iphonesimulator*]" = YES;
				"INFOPLIST_KEY_UIStatusBarStyle[sdk=iphoneos*]" = UIStatusBarStyleDefault;
				"INFOPLIST_KEY_UIStatusBarStyle[sdk=iphonesimulator*]" = UIStatusBarStyleDefault;
				INFOPLIST_KEY_UISupportedInterfaceOrientations_iPad = "UIInterfaceOrientationPortrait UIInterfaceOrientationPortraitUpsideDown UIInterfaceOrientationLandscapeLeft UIInterfaceOrientationLandscapeRight";
				INFOPLIST_KEY_UISupportedInterfaceOrientations_iPhone = "UIInterfaceOrientationPortrait UIInterfaceOrientationLandscapeLeft UIInterfaceOrientationLandscapeRight";
				IPHONEOS_DEPLOYMENT_TARGET = 16.4;
				LD_RUNPATH_SEARCH_PATHS = "@executable_path/Frameworks";
				"LD_RUNPATH_SEARCH_PATHS[sdk=macosx*]" = "@executable_path/../Frameworks";
				MACOSX_DEPLOYMENT_TARGET = 13.0;
				MARKETING_VERSION = 1.0;
				PRODUCT_BUNDLE_IDENTIFIER = "thegoodbagel.Card-Game";
				PRODUCT_NAME = "$(TARGET_NAME)";
				SDKROOT = auto;
				SUPPORTED_PLATFORMS = "iphoneos iphonesimulator macosx";
				SWIFT_EMIT_LOC_STRINGS = YES;
				SWIFT_VERSION = 5.0;
				TARGETED_DEVICE_FAMILY = "1,2";
			};
			name = Release;
		};
		81D4582D2E01C4A400881A8F /* Debug */ = {
			isa = XCBuildConfiguration;
			buildSettings = {
				ALWAYS_EMBED_SWIFT_STANDARD_LIBRARIES = YES;
				BUNDLE_LOADER = "$(TEST_HOST)";
				CODE_SIGN_STYLE = Automatic;
				CURRENT_PROJECT_VERSION = 1;
				DEVELOPMENT_TEAM = 37CNK4KC3V;
				GENERATE_INFOPLIST_FILE = YES;
				IPHONEOS_DEPLOYMENT_TARGET = 16.4;
				MACOSX_DEPLOYMENT_TARGET = 13.0;
				MARKETING_VERSION = 1.0;
				PRODUCT_BUNDLE_IDENTIFIER = "thegoodbagel.Card-GameTests";
				PRODUCT_NAME = "$(TARGET_NAME)";
				SDKROOT = auto;
				SUPPORTED_PLATFORMS = "iphoneos iphonesimulator macosx";
				SWIFT_EMIT_LOC_STRINGS = NO;
				SWIFT_VERSION = 5.0;
				TARGETED_DEVICE_FAMILY = "1,2";
				TEST_HOST = "$(BUILT_PRODUCTS_DIR)/Card Game.app/$(BUNDLE_EXECUTABLE_FOLDER_PATH)/Card Game";
			};
			name = Debug;
		};
		81D4582E2E01C4A400881A8F /* Release */ = {
			isa = XCBuildConfiguration;
			buildSettings = {
				ALWAYS_EMBED_SWIFT_STANDARD_LIBRARIES = YES;
				BUNDLE_LOADER = "$(TEST_HOST)";
				CODE_SIGN_STYLE = Automatic;
				CURRENT_PROJECT_VERSION = 1;
				DEVELOPMENT_TEAM = 37CNK4KC3V;
				GENERATE_INFOPLIST_FILE = YES;
				IPHONEOS_DEPLOYMENT_TARGET = 16.4;
				MACOSX_DEPLOYMENT_TARGET = 13.0;
				MARKETING_VERSION = 1.0;
				PRODUCT_BUNDLE_IDENTIFIER = "thegoodbagel.Card-GameTests";
				PRODUCT_NAME = "$(TARGET_NAME)";
				SDKROOT = auto;
				SUPPORTED_PLATFORMS = "iphoneos iphonesimulator macosx";
				SWIFT_EMIT_LOC_STRINGS = NO;
				SWIFT_VERSION = 5.0;
				TARGETED_DEVICE_FAMILY = "1,2";
				TEST_HOST = "$(BUILT_PRODUCTS_DIR)/Card Game.app/$(BUNDLE_EXECUTABLE_FOLDER_PATH)/Card Game";
			};
			name = Release;
		};
		81D458302E01C4A400881A8F /* Debug */ = {
			isa = XCBuildConfiguration;
			buildSettings = {
				ALWAYS_EMBED_SWIFT_STANDARD_LIBRARIES = YES;
				CODE_SIGN_STYLE = Automatic;
				CURRENT_PROJECT_VERSION = 1;
				DEVELOPMENT_TEAM = 37CNK4KC3V;
				GENERATE_INFOPLIST_FILE = YES;
				IPHONEOS_DEPLOYMENT_TARGET = 16.4;
				MACOSX_DEPLOYMENT_TARGET = 13.0;
				MARKETING_VERSION = 1.0;
				PRODUCT_BUNDLE_IDENTIFIER = "thegoodbagel.Card-GameUITests";
				PRODUCT_NAME = "$(TARGET_NAME)";
				SDKROOT = auto;
				SUPPORTED_PLATFORMS = "iphoneos iphonesimulator macosx";
				SWIFT_EMIT_LOC_STRINGS = NO;
				SWIFT_VERSION = 5.0;
				TARGETED_DEVICE_FAMILY = "1,2";
				TEST_TARGET_NAME = "Card Game";
			};
			name = Debug;
		};
		81D458312E01C4A400881A8F /* Release */ = {
			isa = XCBuildConfiguration;
			buildSettings = {
				ALWAYS_EMBED_SWIFT_STANDARD_LIBRARIES = YES;
				CODE_SIGN_STYLE = Automatic;
				CURRENT_PROJECT_VERSION = 1;
				DEVELOPMENT_TEAM = 37CNK4KC3V;
				GENERATE_INFOPLIST_FILE = YES;
				IPHONEOS_DEPLOYMENT_TARGET = 16.4;
				MACOSX_DEPLOYMENT_TARGET = 13.0;
				MARKETING_VERSION = 1.0;
				PRODUCT_BUNDLE_IDENTIFIER = "thegoodbagel.Card-GameUITests";
				PRODUCT_NAME = "$(TARGET_NAME)";
				SDKROOT = auto;
				SUPPORTED_PLATFORMS = "iphoneos iphonesimulator macosx";
				SWIFT_EMIT_LOC_STRINGS = NO;
				SWIFT_VERSION = 5.0;
				TARGETED_DEVICE_FAMILY = "1,2";
				TEST_TARGET_NAME = "Card Game";
			};
			name = Release;
		};
/* End XCBuildConfiguration section */

/* Begin XCConfigurationList section */
		81D457FF2E01C4A100881A8F /* Build configuration list for PBXProject "Card Game" */ = {
			isa = XCConfigurationList;
			buildConfigurations = (
				81D458272E01C4A400881A8F /* Debug */,
				81D458282E01C4A400881A8F /* Release */,
			);
			defaultConfigurationIsVisible = 0;
			defaultConfigurationName = Release;
		};
		81D458292E01C4A400881A8F /* Build configuration list for PBXNativeTarget "Card Game" */ = {
			isa = XCConfigurationList;
			buildConfigurations = (
				81D4582A2E01C4A400881A8F /* Debug */,
				81D4582B2E01C4A400881A8F /* Release */,
			);
			defaultConfigurationIsVisible = 0;
			defaultConfigurationName = Release;
		};
		81D4582C2E01C4A400881A8F /* Build configuration list for PBXNativeTarget "Card GameTests" */ = {
			isa = XCConfigurationList;
			buildConfigurations = (
				81D4582D2E01C4A400881A8F /* Debug */,
				81D4582E2E01C4A400881A8F /* Release */,
			);
			defaultConfigurationIsVisible = 0;
			defaultConfigurationName = Release;
		};
		81D4582F2E01C4A400881A8F /* Build configuration list for PBXNativeTarget "Card GameUITests" */ = {
			isa = XCConfigurationList;
			buildConfigurations = (
				81D458302E01C4A400881A8F /* Debug */,
				81D458312E01C4A400881A8F /* Release */,
			);
			defaultConfigurationIsVisible = 0;
			defaultConfigurationName = Release;
		};
/* End XCConfigurationList section */

/* Begin XCRemoteSwiftPackageReference section */
		81D458512E01CF2500881A8F /* XCRemoteSwiftPackageReference "socket" */ = {
			isa = XCRemoteSwiftPackageReference;
			repositoryURL = "https://github.com/socketio/socket.io-client-swift";
			requirement = {
				branch = master;
				kind = branch;
			};
		};
/* End XCRemoteSwiftPackageReference section */

/* Begin XCSwiftPackageProductDependency section */
		81D458522E01CF2500881A8F /* SocketIO */ = {
			isa = XCSwiftPackageProductDependency;
			package = 81D458512E01CF2500881A8F /* XCRemoteSwiftPackageReference "socket" */;
			productName = SocketIO;
		};
/* End XCSwiftPackageProductDependency section */
	};
	rootObject = 81D457FC2E01C4A100881A8F /* Project object */;
}
